
Microsoft Visual Studio Solution File, Format Version 12.00
# Visual Studio Version 17
VisualStudioVersion = 17.14.36301.6 d17.14
MinimumVisualStudioVersion = 10.0.40219.1
Project("{FAE04EC0-301F-11D3-BF4B-00C04F79EFBC}") = "ClientApp", "ClientApp\ClientApp.csproj", "{617430B9-965F-44DB-842E-87B9BC8C6C5E}"
EndProject
Project("{FAE04EC0-301F-11D3-BF4B-00C04F79EFBC}") = "ServerApp", "ServerApp\ServerApp.csproj", "{90DB5B96-4DC2-4469-96FB-EF005C8A32B1}"
EndProject
Project("{FAE04EC0-301F-11D3-BF4B-00C04F79EFBC}") = "SharedModels", "SharedModels\SharedModels.csproj", "{D4A96A4D-A233-48A1-9C62-7D3B6112AA6D}"
EndProject
Project("{2150E333-8FDC-42A3-9474-1A3956D46DE8}") = "Solution Items", "Solution Items", "{8EC462FD-D22E-90A8-E5CE-7E832BA40C5D}"
	ProjectSection(SolutionItems) = preProject
		REFLECTION.md = REFLECTION.md
	EndProjectSection
EndProject
Global
	GlobalSection(SolutionConfigurationPlatforms) = preSolution
		Debug|Any CPU = Debug|Any CPU
		Release|Any CPU = Release|Any CPU
	EndGlobalSection
	GlobalSection(ProjectConfigurationPlatforms) = postSolution
		{617430B9-965F-44DB-842E-87B9BC8C6C5E}.Debug|Any CPU.ActiveCfg = Debug|Any CPU
		{617430B9-965F-44DB-842E-87B9BC8C6C5E}.Debug|Any CPU.Build.0 = Debug|Any CPU
		{617430B9-965F-44DB-842E-87B9BC8C6C5E}.Release|Any CPU.ActiveCfg = Release|Any CPU
		{617430B9-965F-44DB-842E-87B9BC8C6C5E}.Release|Any CPU.Build.0 = Release|Any CPU
		{90DB5B96-4DC2-4469-96FB-EF005C8A32B1}.Debug|Any CPU.ActiveCfg = Debug|Any CPU
		{90DB5B96-4DC2-4469-96FB-EF005C8A32B1}.Debug|Any CPU.Build.0 = Debug|Any CPU
		{90DB5B96-4DC2-4469-96FB-EF005C8A32B1}.Release|Any CPU.ActiveCfg = Release|Any CPU
		{90DB5B96-4DC2-4469-96FB-EF005C8A32B1}.Release|Any CPU.Build.0 = Release|Any CPU
		{D4A96A4D-A233-48A1-9C62-7D3B6112AA6D}.Debug|Any CPU.ActiveCfg = Debug|Any CPU
		{D4A96A4D-A233-48A1-9C62-7D3B6112AA6D}.Debug|Any CPU.Build.0 = Debug|Any CPU
		{D4A96A4D-A233-48A1-9C62-7D3B6112AA6D}.Release|Any CPU.ActiveCfg = Release|Any CPU
		{D4A96A4D-A233-48A1-9C62-7D3B6112AA6D}.Release|Any CPU.Build.0 = Release|Any CPU
	EndGlobalSection
	GlobalSection(SolutionProperties) = preSolution
		HideSolutionNode = FALSE
	EndGlobalSection
	GlobalSection(ExtensibilityGlobals) = postSolution
		SolutionGuid = {DD8EACF3-A458-4892-A9D9-63C8C59247B6}
	EndGlobalSection
EndGlobal
